{
  "requires": true,
  "lockfileVersion": 1,
  "dependencies": {
    "@syncfusion/ej2-angular-base": {
      "version": "17.3.27",
      "resolved": "https://registry.npmjs.org/@syncfusion/ej2-angular-base/-/ej2-angular-base-17.3.27.tgz",
      "integrity": "sha512-cszmvpPgUvGRxPEWKNBHPN6wNDIKyzYOPd5S/uwXwGYSto9J1VwyZHeQBCx1v91V9MIwZnJWK4Ixh4iM/cuDBw==",
      "requires": {
        "@syncfusion/ej2-base": "~17.3.27",
        "core-js": "^2.4.1",
        "reflect-metadata": "^0.1.9",
        "rxjs": "^5.0.0",
        "zone.js": "^0.7.2"
      }
    },
    "@syncfusion/ej2-angular-grids": {
      "version": "17.3.34",
      "resolved": "https://registry.npmjs.org/@syncfusion/ej2-angular-grids/-/ej2-angular-grids-17.3.34.tgz",
      "integrity": "sha512-nh2Avr1bGGrcyaZrFyl7Nd/DMGNme70Fb0hcQDtukajdi84dpp4SAyf8L8KX9Ykt9hr6w8tHpATiFQ6rmpqNLg==",
      "requires": {
        "@syncfusion/ej2-angular-base": "~17.3.27",
        "@syncfusion/ej2-base": "~17.3.27",
        "@syncfusion/ej2-grids": "17.3.34"
      }
    },
    "@syncfusion/ej2-base": {
      "version": "17.3.27",
      "resolved": "https://registry.npmjs.org/@syncfusion/ej2-base/-/ej2-base-17.3.27.tgz",
      "integrity": "sha512-iJ1QzVQElGvDqk8CH99eKQGZIrZiIrXGrZIxJxhjcFHNcL9s0TK1YtDUQI5HBqpfL0IZmK5WtNlRuyt7L5FfyQ==",
      "requires": {
        "@syncfusion/ej2-icons": "~17.3.27"
      }
    },
    "@syncfusion/ej2-buttons": {
      "version": "17.3.27",
      "resolved": "https://registry.npmjs.org/@syncfusion/ej2-buttons/-/ej2-buttons-17.3.27.tgz",
      "integrity": "sha512-xfT85sZCzI88fdU3vUHI504nBkSUyFN7vJr2jO9EBRSo4CjjS4kjKc4ugkz8AT3VTTujJJxIczBHUF1erXbxRg==",
      "requires": {
        "@syncfusion/ej2-base": "~17.3.27"
      }
    },
    "@syncfusion/ej2-calendars": {
      "version": "17.3.28",
      "resolved": "https://registry.npmjs.org/@syncfusion/ej2-calendars/-/ej2-calendars-17.3.28.tgz",
      "integrity": "sha512-6WHpEMbFDJcWBpw2B70HubnY6zccsbQ0upU/SmM1b+4JPxcvsMZlEkKxQ96sVh5MgCWGLFCYSsbAawAEeB4tag==",
      "requires": {
        "@syncfusion/ej2-base": "~17.3.27",
        "@syncfusion/ej2-buttons": "~17.3.27",
        "@syncfusion/ej2-inputs": "~17.3.28",
        "@syncfusion/ej2-lists": "~17.3.27",
        "@syncfusion/ej2-popups": "~17.3.27"
      }
    },
    "@syncfusion/ej2-compression": {
      "version": "17.3.27",
      "resolved": "https://registry.npmjs.org/@syncfusion/ej2-compression/-/ej2-compression-17.3.27.tgz",
      "integrity": "sha512-l2NtfbTSyAyI8mW+ECWKNkPdXLSxrIsvrRJfhObWL+RW41wT9EXEKQAguYBKDmnORCruRhpQlySLb2eln2XVdg==",
      "requires": {
        "@syncfusion/ej2-file-utils": "~17.3.27"
      }
    },
    "@syncfusion/ej2-data": {
      "version": "17.3.30",
      "resolved": "https://registry.npmjs.org/@syncfusion/ej2-data/-/ej2-data-17.3.30.tgz",
      "integrity": "sha512-VysxKGGqKDNUmiJFOjj/XZw5CUz0swd6rnUYbmiQiS9UFUELWbcxxROlNf9AEF15Wo/UWQxUgM8xUFgFNddwUA==",
      "requires": {
        "@syncfusion/ej2-base": "~17.3.27"
      }
    },
    "@syncfusion/ej2-dropdowns": {
      "version": "17.3.34",
      "resolved": "https://registry.npmjs.org/@syncfusion/ej2-dropdowns/-/ej2-dropdowns-17.3.34.tgz",
      "integrity": "sha512-JZdKCVsKvYoCsnLIreYOm3bgXJLCFauGLn2OVIfbPaBTWtmgHKgEu+N5Xa0q6/pZqGTzdzeC4Gsjwy9wh7gOuA==",
      "requires": {
        "@syncfusion/ej2-base": "~17.3.27",
        "@syncfusion/ej2-data": "~17.3.30",
        "@syncfusion/ej2-inputs": "~17.3.29",
        "@syncfusion/ej2-lists": "~17.3.27",
        "@syncfusion/ej2-popups": "~17.3.34"
      }
    },
    "@syncfusion/ej2-excel-export": {
      "version": "17.3.27",
      "resolved": "https://registry.npmjs.org/@syncfusion/ej2-excel-export/-/ej2-excel-export-17.3.27.tgz",
      "integrity": "sha512-xxXn72j6jQTQHg58ruvsoutMPvB6Xs2pcVpW4zULJzvH6lQXamGcdVi69hq/pQVyk+PBg/ZZ0xZKjk/ErXcpRg==",
      "requires": {
        "@syncfusion/ej2-base": "~17.3.27",
        "@syncfusion/ej2-compression": "~17.3.27"
      }
    },
    "@syncfusion/ej2-file-utils": {
      "version": "17.3.27",
      "resolved": "https://registry.npmjs.org/@syncfusion/ej2-file-utils/-/ej2-file-utils-17.3.27.tgz",
      "integrity": "sha512-a9+euE8dbrgIUVVuGmI7ARP/7JS0uPqgwY02gmkxdGhTlmOwEMH0z3U/tskAkL1Gq3vhejCG1PEsq6jFz1ypew=="
    },
    "@syncfusion/ej2-grids": {
      "version": "17.3.34",
      "resolved": "https://registry.npmjs.org/@syncfusion/ej2-grids/-/ej2-grids-17.3.34.tgz",
      "integrity": "sha512-RW86ov31r48nBpuQwiU62WPFZitcDi22VBOkPYtGbJT+L/IODQlSYGFggB1v+N+gkyJgFf/5JMzVgiaksh9lgg==",
      "requires": {
        "@syncfusion/ej2-base": "~17.3.27",
        "@syncfusion/ej2-buttons": "~17.3.27",
        "@syncfusion/ej2-calendars": "~17.3.28",
        "@syncfusion/ej2-compression": "~17.3.27",
        "@syncfusion/ej2-data": "~17.3.30",
        "@syncfusion/ej2-dropdowns": "~17.3.34",
        "@syncfusion/ej2-excel-export": "~17.3.27",
        "@syncfusion/ej2-file-utils": "~17.3.27",
        "@syncfusion/ej2-inputs": "~17.3.29",
        "@syncfusion/ej2-lists": "~17.3.27",
        "@syncfusion/ej2-navigations": "~17.3.34",
        "@syncfusion/ej2-pdf-export": "~17.3.27",
        "@syncfusion/ej2-popups": "~17.3.34",
        "@syncfusion/ej2-splitbuttons": "~17.3.27"
      }
    },
    "@syncfusion/ej2-icons": {
      "version": "17.3.27",
      "resolved": "https://registry.npmjs.org/@syncfusion/ej2-icons/-/ej2-icons-17.3.27.tgz",
      "integrity": "sha512-0MM+93IrtXCnyXybVLjyRdy8JSJ4diCC0gZagFc1VhBofhZqrpWlCLt3C0SUyfsSvuMyYZUisR41iwqRP84yIQ=="
    },
    "@syncfusion/ej2-inputs": {
      "version": "17.3.29",
      "resolved": "https://registry.npmjs.org/@syncfusion/ej2-inputs/-/ej2-inputs-17.3.29.tgz",
      "integrity": "sha512-zr2eRnhZ7t54I+dcORsFhjv2lyFfkxk1RRl4cUkNGeyera8hBDbVNERMNgIDgOH31SLHhtwQacZ3NOXCVfj2GQ==",
      "requires": {
        "@syncfusion/ej2-base": "~17.3.27",
        "@syncfusion/ej2-buttons": "~17.3.27",
        "@syncfusion/ej2-popups": "~17.3.29",
        "@syncfusion/ej2-splitbuttons": "~17.3.27"
      }
    },
    "@syncfusion/ej2-lists": {
      "version": "17.3.27",
      "resolved": "https://registry.npmjs.org/@syncfusion/ej2-lists/-/ej2-lists-17.3.27.tgz",
      "integrity": "sha512-WuApIU/5q5v39HCrmNRsXS++mCOPyef5L/jVWd0TipFjBLaWsY1HYzJkfsaT9xTQLjUdTx4grvHe3KOf38NlEQ==",
      "requires": {
        "@syncfusion/ej2-base": "~17.3.27",
        "@syncfusion/ej2-buttons": "~17.3.27",
        "@syncfusion/ej2-data": "~17.3.27"
      }
    },
    "@syncfusion/ej2-navigations": {
      "version": "17.3.34",
      "resolved": "https://registry.npmjs.org/@syncfusion/ej2-navigations/-/ej2-navigations-17.3.34.tgz",
      "integrity": "sha512-UuMTXekK05HXnoM2aQS2rcETJB/GpgCic9fQgx46l0N57pu3pDKAgkF14Tanl81qDTqN3H8wYriNxUkI0pNrww==",
      "requires": {
        "@syncfusion/ej2-base": "~17.3.27",
        "@syncfusion/ej2-buttons": "~17.3.27",
        "@syncfusion/ej2-data": "~17.3.30",
        "@syncfusion/ej2-inputs": "~17.3.29",
        "@syncfusion/ej2-lists": "~17.3.27",
        "@syncfusion/ej2-popups": "~17.3.34"
      }
    },
    "@syncfusion/ej2-pdf-export": {
      "version": "17.3.27",
      "resolved": "https://registry.npmjs.org/@syncfusion/ej2-pdf-export/-/ej2-pdf-export-17.3.27.tgz",
      "integrity": "sha512-YVoEp0SRVRCVz9cVBAwx/bePt300xqJDvicG6oWyAlzHI8YZaRfduxBgLgcNe+dTmASMdjh1q5Fjyazc8FuJ1Q==",
      "requires": {
        "@syncfusion/ej2-compression": "~17.3.27"
      }
    },
    "@syncfusion/ej2-popups": {
      "version": "17.3.34",
      "resolved": "https://registry.npmjs.org/@syncfusion/ej2-popups/-/ej2-popups-17.3.34.tgz",
      "integrity": "sha512-z40wAl2Wj0oXEZ0zoDRCfQv0KTdvqxhG7lDRsAqIRWSg35JlfjkDsZ45MJQOkKHIIalt8cB20lSQ5Mxn4dgEZw==",
      "requires": {
        "@syncfusion/ej2-base": "~17.3.27",
        "@syncfusion/ej2-buttons": "~17.3.27"
      }
    },
    "@syncfusion/ej2-splitbuttons": {
      "version": "17.3.27",
      "resolved": "https://registry.npmjs.org/@syncfusion/ej2-splitbuttons/-/ej2-splitbuttons-17.3.27.tgz",
      "integrity": "sha512-4e9WDyiHLT6S4Jnsv3yFJgSqm0TUe8pCNEYFSV5wmFk20RE4qov4cDTEyNSngK7IFhNdmdfRwjYGpwnOOQzRVQ==",
      "requires": {
        "@syncfusion/ej2-base": "~17.3.27",
        "@syncfusion/ej2-popups": "~17.3.27"
      }
    },
    "core-js": {
      "version": "2.6.11",
      "resolved": "https://registry.npmjs.org/core-js/-/core-js-2.6.11.tgz",
      "integrity": "sha512-5wjnpaT/3dV+XB4borEsnAYQchn00XSgTAWKDkEqv+K8KevjbzmofK6hfJ9TZIlpj2N0xQpazy7PiRQiWHqzWg=="
    },
    "reflect-metadata": {
      "version": "0.1.13",
      "resolved": "https://registry.npmjs.org/reflect-metadata/-/reflect-metadata-0.1.13.tgz",
      "integrity": "sha512-Ts1Y/anZELhSsjMcU605fU9RE4Oi3p5ORujwbIKXfWa+0Zxs510Qrmrce5/Jowq3cHSZSJqBjypxmHarc+vEWg=="
    },
    "rxjs": {
      "version": "5.5.12",
      "resolved": "https://registry.npmjs.org/rxjs/-/rxjs-5.5.12.tgz",
      "integrity": "sha512-xx2itnL5sBbqeeiVgNPVuQQ1nC8Jp2WfNJhXWHmElW9YmrpS9UVnNzhP3EH3HFqexO5Tlp8GhYY+WEcqcVMvGw==",
      "requires": {
        "symbol-observable": "1.0.1"
      }
    },
    "symbol-observable": {
      "version": "1.0.1",
      "resolved": "https://registry.npmjs.org/symbol-observable/-/symbol-observable-1.0.1.tgz",
      "integrity": "sha1-g0D8RwLDEi310iKI+IKD9RPT/dQ="
    },
    "zone.js": {
      "version": "0.7.8",
      "resolved": "https://registry.npmjs.org/zone.js/-/zone.js-0.7.8.tgz",
      "integrity": "sha1-Tz/og01EWX8mOQU6D6Q43zT//e0="
    }
  }
}
