
Microsoft Visual Studio Solution File, Format Version 12.00
# Visual Studio Version 16
VisualStudioVersion = 16.0.29123.88
MinimumVisualStudioVersion = 10.0.40219.1
Project("{FAE04EC0-301F-11D3-BF4B-00C04F79EFBC}") = "Pharmacy", "Pharmacy\Pharmacy.csproj", "{126784F5-EDD9-4111-A33F-BB3A6F7AAA8B}"
EndProject
Global
	GlobalSection(SolutionConfigurationPlatforms) = preSolution
		Debug|Any CPU = Debug|Any CPU
		Release|Any CPU = Release|Any CPU
	EndGlobalSection
	GlobalSection(ProjectConfigurationPlatforms) = postSolution
		{126784F5-EDD9-4111-A33F-BB3A6F7AAA8B}.Debug|Any CPU.ActiveCfg = Debug|Any CPU
		{126784F5-EDD9-4111-A33F-BB3A6F7AAA8B}.Debug|Any CPU.Build.0 = Debug|Any CPU
		{126784F5-EDD9-4111-A33F-BB3A6F7AAA8B}.Release|Any CPU.ActiveCfg = Release|Any CPU
		{126784F5-EDD9-4111-A33F-BB3A6F7AAA8B}.Release|Any CPU.Build.0 = Release|Any CPU
	EndGlobalSection
	GlobalSection(SolutionProperties) = preSolution
		HideSolutionNode = FALSE
	EndGlobalSection
	GlobalSection(ExtensibilityGlobals) = postSolution
		SolutionGuid = {868B3397-3874-4A85-BC25-0DB32784D51C}
	EndGlobalSection
EndGlobal
